
Microsoft Visual Studio Solution File, Format Version 12.00
# Visual Studio Version 16
VisualStudioVersion = 16.0.30309.148
MinimumVisualStudioVersion = 10.0.40219.1
Project("{FAE04EC0-301F-11D3-BF4B-00C04F79EFBC}") = "BankAccount", "BankAccount\BankAccount.csproj", "{DDDDFB2F-0C62-4744-B8AD-25D1913151E2}"
EndProject
Project("{FAE04EC0-301F-11D3-BF4B-00C04F79EFBC}") = "BankAccountTests", "BankAccountTests\BankAccountTests.csproj", "{8EAA43F2-EF60-45B3-A742-2F6DBE3B5C7F}"
EndProject
Global
	GlobalSection(SolutionConfigurationPlatforms) = preSolution
		Debug|Any CPU = Debug|Any CPU
		Release|Any CPU = Release|Any CPU
	EndGlobalSection
	GlobalSection(ProjectConfigurationPlatforms) = postSolution
		{DDDDFB2F-0C62-4744-B8AD-25D1913151E2}.Debug|Any CPU.ActiveCfg = Debug|Any CPU
		{DDDDFB2F-0C62-4744-B8AD-25D1913151E2}.Debug|Any CPU.Build.0 = Debug|Any CPU
		{DDDDFB2F-0C62-4744-B8AD-25D1913151E2}.Release|Any CPU.ActiveCfg = Release|Any CPU
		{DDDDFB2F-0C62-4744-B8AD-25D1913151E2}.Release|Any CPU.Build.0 = Release|Any CPU
		{8EAA43F2-EF60-45B3-A742-2F6DBE3B5C7F}.Debug|Any CPU.ActiveCfg = Debug|Any CPU
		{8EAA43F2-EF60-45B3-A742-2F6DBE3B5C7F}.Debug|Any CPU.Build.0 = Debug|Any CPU
		{8EAA43F2-EF60-45B3-A742-2F6DBE3B5C7F}.Release|Any CPU.ActiveCfg = Release|Any CPU
		{8EAA43F2-EF60-45B3-A742-2F6DBE3B5C7F}.Release|Any CPU.Build.0 = Release|Any CPU
	EndGlobalSection
	GlobalSection(SolutionProperties) = preSolution
		HideSolutionNode = FALSE
	EndGlobalSection
	GlobalSection(ExtensibilityGlobals) = postSolution
		SolutionGuid = {6F005E1B-9C4C-4337-A203-75EF6FC5F50F}
	EndGlobalSection
EndGlobal
